
Microsoft Visual Studio Solution File, Format Version 12.00
# Visual Studio Version 17
VisualStudioVersion = 17.3.32922.545
MinimumVisualStudioVersion = 10.0.40219.1
Project("{8BC9CEB8-8B4A-11D0-8D11-00A0C91BC942}") = "evalLib", "evalLib\evalLib.vcxproj", "{3E34B68A-9B41-4937-8BA6-1576452C7018}"
EndProject
Project("{8BC9CEB8-8B4A-11D0-8D11-00A0C91BC942}") = "coreLib", "coreLib\coreLib.vcxproj", "{BF030311-526C-4C7A-9774-7228D373B5D9}"
EndProject
Project("{8BC9CEB8-8B4A-11D0-8D11-00A0C91BC942}") = "searchLib", "searchLib\searchLib.vcxproj", "{E19AC960-58B1-403B-9137-08312D5D8E44}"
EndProject
Project("{8BC9CEB8-8B4A-11D0-8D11-00A0C91BC942}") = "ForkUCI", "ForkUCI\ForkUCI.vcxproj", "{31038DD7-BAF0-423C-B8EF-1A5FC4FD8BEF}"
EndProject
Project("{8BC9CEB8-8B4A-11D0-8D11-00A0C91BC942}") = "uciLib", "uciLib\uciLib.vcxproj", "{C82039C3-5214-496E-82A9-39E68A6C0634}"
EndProject
Global
	GlobalSection(SolutionConfigurationPlatforms) = preSolution
		Debug|x64 = Debug|x64
		Debug|x86 = Debug|x86
		Release|x64 = Release|x64
		Release|x86 = Release|x86
	EndGlobalSection
	GlobalSection(ProjectConfigurationPlatforms) = postSolution
		{3E34B68A-9B41-4937-8BA6-1576452C7018}.Debug|x64.ActiveCfg = Debug|x64
		{3E34B68A-9B41-4937-8BA6-1576452C7018}.Debug|x64.Build.0 = Debug|x64
		{3E34B68A-9B41-4937-8BA6-1576452C7018}.Debug|x86.ActiveCfg = Debug|Win32
		{3E34B68A-9B41-4937-8BA6-1576452C7018}.Debug|x86.Build.0 = Debug|Win32
		{3E34B68A-9B41-4937-8BA6-1576452C7018}.Release|x64.ActiveCfg = Release|x64
		{3E34B68A-9B41-4937-8BA6-1576452C7018}.Release|x64.Build.0 = Release|x64
		{3E34B68A-9B41-4937-8BA6-1576452C7018}.Release|x86.ActiveCfg = Release|Win32
		{3E34B68A-9B41-4937-8BA6-1576452C7018}.Release|x86.Build.0 = Release|Win32
		{BF030311-526C-4C7A-9774-7228D373B5D9}.Debug|x64.ActiveCfg = Debug|x64
		{BF030311-526C-4C7A-9774-7228D373B5D9}.Debug|x64.Build.0 = Debug|x64
		{BF030311-526C-4C7A-9774-7228D373B5D9}.Debug|x86.ActiveCfg = Debug|Win32
		{BF030311-526C-4C7A-9774-7228D373B5D9}.Debug|x86.Build.0 = Debug|Win32
		{BF030311-526C-4C7A-9774-7228D373B5D9}.Release|x64.ActiveCfg = Release|x64
		{BF030311-526C-4C7A-9774-7228D373B5D9}.Release|x64.Build.0 = Release|x64
		{BF030311-526C-4C7A-9774-7228D373B5D9}.Release|x86.ActiveCfg = Release|Win32
		{BF030311-526C-4C7A-9774-7228D373B5D9}.Release|x86.Build.0 = Release|Win32
		{E19AC960-58B1-403B-9137-08312D5D8E44}.Debug|x64.ActiveCfg = Debug|x64
		{E19AC960-58B1-403B-9137-08312D5D8E44}.Debug|x64.Build.0 = Debug|x64
		{E19AC960-58B1-403B-9137-08312D5D8E44}.Debug|x86.ActiveCfg = Debug|Win32
		{E19AC960-58B1-403B-9137-08312D5D8E44}.Debug|x86.Build.0 = Debug|Win32
		{E19AC960-58B1-403B-9137-08312D5D8E44}.Release|x64.ActiveCfg = Release|x64
		{E19AC960-58B1-403B-9137-08312D5D8E44}.Release|x64.Build.0 = Release|x64
		{E19AC960-58B1-403B-9137-08312D5D8E44}.Release|x86.ActiveCfg = Release|Win32
		{E19AC960-58B1-403B-9137-08312D5D8E44}.Release|x86.Build.0 = Release|Win32
		{31038DD7-BAF0-423C-B8EF-1A5FC4FD8BEF}.Debug|x64.ActiveCfg = Debug|x64
		{31038DD7-BAF0-423C-B8EF-1A5FC4FD8BEF}.Debug|x64.Build.0 = Debug|x64
		{31038DD7-BAF0-423C-B8EF-1A5FC4FD8BEF}.Debug|x86.ActiveCfg = Debug|Win32
		{31038DD7-BAF0-423C-B8EF-1A5FC4FD8BEF}.Debug|x86.Build.0 = Debug|Win32
		{31038DD7-BAF0-423C-B8EF-1A5FC4FD8BEF}.Release|x64.ActiveCfg = Release|x64
		{31038DD7-BAF0-423C-B8EF-1A5FC4FD8BEF}.Release|x64.Build.0 = Release|x64
		{31038DD7-BAF0-423C-B8EF-1A5FC4FD8BEF}.Release|x86.ActiveCfg = Release|Win32
		{31038DD7-BAF0-423C-B8EF-1A5FC4FD8BEF}.Release|x86.Build.0 = Release|Win32
		{C82039C3-5214-496E-82A9-39E68A6C0634}.Debug|x64.ActiveCfg = Debug|x64
		{C82039C3-5214-496E-82A9-39E68A6C0634}.Debug|x64.Build.0 = Debug|x64
		{C82039C3-5214-496E-82A9-39E68A6C0634}.Debug|x86.ActiveCfg = Debug|Win32
		{C82039C3-5214-496E-82A9-39E68A6C0634}.Debug|x86.Build.0 = Debug|Win32
		{C82039C3-5214-496E-82A9-39E68A6C0634}.Release|x64.ActiveCfg = Release|x64
		{C82039C3-5214-496E-82A9-39E68A6C0634}.Release|x64.Build.0 = Release|x64
		{C82039C3-5214-496E-82A9-39E68A6C0634}.Release|x86.ActiveCfg = Release|Win32
		{C82039C3-5214-496E-82A9-39E68A6C0634}.Release|x86.Build.0 = Release|Win32
	EndGlobalSection
	GlobalSection(SolutionProperties) = preSolution
		HideSolutionNode = FALSE
	EndGlobalSection
	GlobalSection(ExtensibilityGlobals) = postSolution
		SolutionGuid = {16FD3C1F-0F54-49C4-AE60-80EC617727B9}
	EndGlobalSection
EndGlobal
